
Microsoft Visual Studio Solution File, Format Version 12.00
# Visual Studio Version 17
VisualStudioVersion = 17.14.36121.58
MinimumVisualStudioVersion = 10.0.40219.1
Project("{FAE04EC0-301F-11D3-BF4B-00C04F79EFBC}") = "IAMBuddy.RequestIntakeService", "IAMBuddy.RequestIntakeService\IAMBuddy.RequestIntakeService.csproj", "{A1F3D29E-3609-A81C-70D6-C18B00AAD8CF}"
EndProject
Project("{FAE04EC0-301F-11D3-BF4B-00C04F79EFBC}") = "IAMBuddy.Shared", "IAMBuddy.Shared\IAMBuddy.Shared.csproj", "{954FDCA6-18FA-447A-BB95-B3393BF570AA}"
EndProject
Project("{FAE04EC0-301F-11D3-BF4B-00C04F79EFBC}") = "IAMBuddy.ApprovalService", "IAMBuddy.ApprovalService\IAMBuddy.ApprovalService.csproj", "{C50D6113-6E31-0698-6756-3BC454051B9F}"
EndProject
Project("{FAE04EC0-301F-11D3-BF4B-00C04F79EFBC}") = "IAMBuddy.ProvisioningService", "IAMBuddy.ProvisioningService\IAMBuddy.ProvisioningService.csproj", "{A3BE31AD-670C-F728-1DA5-E782C4C971B9}"
EndProject
Project("{FAE04EC0-301F-11D3-BF4B-00C04F79EFBC}") = "IAMBuddy.TemporalWorker", "IAMBuddy.TemporalWorker\IAMBuddy.TemporalWorker.csproj", "{39E69FA4-C272-8EA4-B454-5B3AA7F5957D}"
EndProject
Project("{FAE04EC0-301F-11D3-BF4B-00C04F79EFBC}") = "IAMBuddy.NotificationService", "IAMBuddy.NotificationService\IAMBuddy.NotificationService.csproj", "{8024113D-5FC7-21B1-04AB-6D3823F423E3}"
EndProject
Project("{2150E333-8FDC-42A3-9474-1A3956D46DE8}") = "Shared", "Shared", "{02EA681E-C7D8-13C7-8484-4AC65E1B71E8}"
EndProject
Project("{2150E333-8FDC-42A3-9474-1A3956D46DE8}") = "Services", "Services", "{BF7EFC6F-16FE-4297-9814-0AEFE6088AC7}"
EndProject
Project("{2150E333-8FDC-42A3-9474-1A3956D46DE8}") = "Workers", "Workers", "{1673CED9-D961-44E3-AEED-DA2CAD8A6F6D}"
EndProject
Project("{2150E333-8FDC-42A3-9474-1A3956D46DE8}") = "Solution Items", "Solution Items", "{8EC462FD-D22E-90A8-E5CE-7E832BA40C5D}"
	ProjectSection(SolutionItems) = preProject
		.env = .env
		development-sql.yaml = development-sql.yaml
		docker-compose.yml = docker-compose.yml
		docker-compose-web.yml = docker-compose-web.yml
		DockerBuild.ps1 = DockerBuild.ps1
		servers.json = servers.json
	EndProjectSection
EndProject
Project("{2150E333-8FDC-42A3-9474-1A3956D46DE8}") = "dynamicconfig", "dynamicconfig", "{F56C4DCB-1DD6-483A-A3B2-900551EEAB09}"
	ProjectSection(SolutionItems) = preProject
		dynamicconfig\development-cass.yaml = dynamicconfig\development-cass.yaml
		dynamicconfig\development-sql.yaml = dynamicconfig\development-sql.yaml
		dynamicconfig\docker.yaml = dynamicconfig\docker.yaml
		dynamicconfig\README.md = dynamicconfig\README.md
	EndProjectSection
EndProject
Project("{2150E333-8FDC-42A3-9474-1A3956D46DE8}") = "MCPServers", "MCPServers", "{532A239A-7D57-4A67-985B-ADF20B0D65F5}"
EndProject
Project("{FAE04EC0-301F-11D3-BF4B-00C04F79EFBC}") = "IAMBuddy.ProvisioningMCPServer", "IAMBuddy.ProvisioningMCPServer\IAMBuddy.ProvisioningMCPServer.csproj", "{E2D5E827-E9CF-4204-90D8-973E26555891}"
EndProject
Project("{2150E333-8FDC-42A3-9474-1A3956D46DE8}") = "UI", "UI", "{2B2F9529-D733-4DB6-B061-3C72FC5808C2}"
EndProject
Project("{FAE04EC0-301F-11D3-BF4B-00C04F79EFBC}") = "IAMBuddy.RequestIntakeMCPServer", "IAMBuddy.RequestIntakeMCPServer\IAMBuddy.RequestIntakeMCPServer.csproj", "{AB7E059F-4C60-419F-B80D-5B677FE34F04}"
EndProject
Project("{FAE04EC0-301F-11D3-BF4B-00C04F79EFBC}") = "IAMBuddy.ApprovalMCPServer", "IAMBuddy.ApprovalMCPServer\IAMBuddy.ApprovalMCPServer.csproj", "{C9156893-0CBF-4C14-98BC-8D6EF4FCD46A}"
EndProject
Project("{FAE04EC0-301F-11D3-BF4B-00C04F79EFBC}") = "IAMBuddy.WebUI", "IAMBuddy.WebUI\IAMBuddy.WebUI.csproj", "{64A2CF24-DA4E-411B-BF44-0FAFFE118F8D}"
EndProject
Project("{FAE04EC0-301F-11D3-BF4B-00C04F79EFBC}") = "IAMBuddy.WebUI.Client", "IAMBuddy.WebUI.Client\IAMBuddy.WebUI.Client.csproj", "{FDDC897E-095F-4827-AB5B-84A3523A802B}"
EndProject
Project("{FAE04EC0-301F-11D3-BF4B-00C04F79EFBC}") = "IAMBuddy.ConsoleApp", "IAMBuddy.ConsoleApp\IAMBuddy.ConsoleApp.csproj", "{9B942D19-8D1F-4259-B808-C51A8834C6F4}"
EndProject
Project("{FAE04EC0-301F-11D3-BF4B-00C04F79EFBC}") = "IAMBuddy.MSSQLAccountManager", "IAMBuddy.MSSQLAccountManager\IAMBuddy.MSSQLAccountManager.csproj", "{2A1C3E45-F6D8-4B9A-9C2E-8F7A6B5D4E3F}"
EndProject
Project("{FAE04EC0-301F-11D3-BF4B-00C04F79EFBC}") = "IAMBuddy.MCPClientsService", "IAMBuddy.MCPClientsService\IAMBuddy.MCPClientsService.csproj", "{C3A80D72-BC03-4967-AEAF-F03A909BD0B5}"
EndProject
Project("{2150E333-8FDC-42A3-9474-1A3956D46DE8}") = "Agents", "Agents", "{7F651866-78EF-4984-A241-858E77D1B48C}"
EndProject
Project("{2150E333-8FDC-42A3-9474-1A3956D46DE8}") = "Orchestrator", "Orchestrator", "{DD3556F8-A090-4C90-B865-A8AACEB200F0}"
EndProject
Project("{FAE04EC0-301F-11D3-BF4B-00C04F79EFBC}") = "IAMBuddy.Agent.Provisioning", "IAMBuddy.Agent.Provisioning\IAMBuddy.Agent.Provisioning.csproj", "{8BC4294F-BAF3-4810-A9D7-F706D01FCAC6}"
EndProject
Project("{FAE04EC0-301F-11D3-BF4B-00C04F79EFBC}") = "IAMBuddy.Orchestrator", "IAMBuddy.Orchestrator\IAMBuddy.Orchestrator.csproj", "{F391B451-1E94-466E-89C2-78898EE86423}"
EndProject
Project("{FAE04EC0-301F-11D3-BF4B-00C04F79EFBC}") = "IAMBuddy.Agent.Approval", "IAMBuddy.Agent.Approval\IAMBuddy.Agent.Approval.csproj", "{B68CD769-3960-44D2-894B-1B2E3AFDA5F1}"
EndProject
Project("{FAE04EC0-301F-11D3-BF4B-00C04F79EFBC}") = "IAMBuddy.Agent.RequestIntake", "IAMBuddy.Agent.RequestIntake\IAMBuddy.Agent.RequestIntake.csproj", "{A2BA534E-2BD6-426C-A77F-CBCBD53962E3}"
EndProject
Project("{FAE04EC0-301F-11D3-BF4B-00C04F79EFBC}") = "IAMBuddy.Orchestrator.API", "IAMBuddy.Orchestrator.API\IAMBuddy.Orchestrator.API.csproj", "{8DDE9BE5-7EA0-452B-9BB4-E97FE567E039}"
EndProject
Global
	GlobalSection(SolutionConfigurationPlatforms) = preSolution
		Debug|Any CPU = Debug|Any CPU
		Release|Any CPU = Release|Any CPU
	EndGlobalSection
	GlobalSection(ProjectConfigurationPlatforms) = postSolution
		{A1F3D29E-3609-A81C-70D6-C18B00AAD8CF}.Debug|Any CPU.ActiveCfg = Debug|Any CPU
		{A1F3D29E-3609-A81C-70D6-C18B00AAD8CF}.Debug|Any CPU.Build.0 = Debug|Any CPU
		{A1F3D29E-3609-A81C-70D6-C18B00AAD8CF}.Release|Any CPU.ActiveCfg = Release|Any CPU
		{A1F3D29E-3609-A81C-70D6-C18B00AAD8CF}.Release|Any CPU.Build.0 = Release|Any CPU
		{954FDCA6-18FA-447A-BB95-B3393BF570AA}.Debug|Any CPU.ActiveCfg = Debug|Any CPU
		{954FDCA6-18FA-447A-BB95-B3393BF570AA}.Debug|Any CPU.Build.0 = Debug|Any CPU
		{954FDCA6-18FA-447A-BB95-B3393BF570AA}.Release|Any CPU.ActiveCfg = Release|Any CPU
		{954FDCA6-18FA-447A-BB95-B3393BF570AA}.Release|Any CPU.Build.0 = Release|Any CPU
		{C50D6113-6E31-0698-6756-3BC454051B9F}.Debug|Any CPU.ActiveCfg = Debug|Any CPU
		{C50D6113-6E31-0698-6756-3BC454051B9F}.Debug|Any CPU.Build.0 = Debug|Any CPU
		{C50D6113-6E31-0698-6756-3BC454051B9F}.Release|Any CPU.ActiveCfg = Release|Any CPU
		{C50D6113-6E31-0698-6756-3BC454051B9F}.Release|Any CPU.Build.0 = Release|Any CPU
		{A3BE31AD-670C-F728-1DA5-E782C4C971B9}.Debug|Any CPU.ActiveCfg = Debug|Any CPU
		{A3BE31AD-670C-F728-1DA5-E782C4C971B9}.Debug|Any CPU.Build.0 = Debug|Any CPU
		{A3BE31AD-670C-F728-1DA5-E782C4C971B9}.Release|Any CPU.ActiveCfg = Release|Any CPU
		{A3BE31AD-670C-F728-1DA5-E782C4C971B9}.Release|Any CPU.Build.0 = Release|Any CPU
		{39E69FA4-C272-8EA4-B454-5B3AA7F5957D}.Debug|Any CPU.ActiveCfg = Debug|Any CPU
		{39E69FA4-C272-8EA4-B454-5B3AA7F5957D}.Debug|Any CPU.Build.0 = Debug|Any CPU
		{39E69FA4-C272-8EA4-B454-5B3AA7F5957D}.Release|Any CPU.ActiveCfg = Release|Any CPU
		{39E69FA4-C272-8EA4-B454-5B3AA7F5957D}.Release|Any CPU.Build.0 = Release|Any CPU
		{8024113D-5FC7-21B1-04AB-6D3823F423E3}.Debug|Any CPU.ActiveCfg = Debug|Any CPU
		{8024113D-5FC7-21B1-04AB-6D3823F423E3}.Debug|Any CPU.Build.0 = Debug|Any CPU
		{8024113D-5FC7-21B1-04AB-6D3823F423E3}.Release|Any CPU.ActiveCfg = Release|Any CPU
		{8024113D-5FC7-21B1-04AB-6D3823F423E3}.Release|Any CPU.Build.0 = Release|Any CPU
		{E2D5E827-E9CF-4204-90D8-973E26555891}.Debug|Any CPU.ActiveCfg = Debug|Any CPU
		{E2D5E827-E9CF-4204-90D8-973E26555891}.Debug|Any CPU.Build.0 = Debug|Any CPU
		{E2D5E827-E9CF-4204-90D8-973E26555891}.Release|Any CPU.ActiveCfg = Release|Any CPU
		{E2D5E827-E9CF-4204-90D8-973E26555891}.Release|Any CPU.Build.0 = Release|Any CPU
		{AB7E059F-4C60-419F-B80D-5B677FE34F04}.Debug|Any CPU.ActiveCfg = Debug|Any CPU
		{AB7E059F-4C60-419F-B80D-5B677FE34F04}.Debug|Any CPU.Build.0 = Debug|Any CPU
		{AB7E059F-4C60-419F-B80D-5B677FE34F04}.Release|Any CPU.ActiveCfg = Release|Any CPU
		{AB7E059F-4C60-419F-B80D-5B677FE34F04}.Release|Any CPU.Build.0 = Release|Any CPU
		{C9156893-0CBF-4C14-98BC-8D6EF4FCD46A}.Debug|Any CPU.ActiveCfg = Debug|Any CPU
		{C9156893-0CBF-4C14-98BC-8D6EF4FCD46A}.Debug|Any CPU.Build.0 = Debug|Any CPU
		{C9156893-0CBF-4C14-98BC-8D6EF4FCD46A}.Release|Any CPU.ActiveCfg = Release|Any CPU
		{C9156893-0CBF-4C14-98BC-8D6EF4FCD46A}.Release|Any CPU.Build.0 = Release|Any CPU
		{64A2CF24-DA4E-411B-BF44-0FAFFE118F8D}.Debug|Any CPU.ActiveCfg = Debug|Any CPU
		{64A2CF24-DA4E-411B-BF44-0FAFFE118F8D}.Debug|Any CPU.Build.0 = Debug|Any CPU
		{64A2CF24-DA4E-411B-BF44-0FAFFE118F8D}.Release|Any CPU.ActiveCfg = Release|Any CPU
		{64A2CF24-DA4E-411B-BF44-0FAFFE118F8D}.Release|Any CPU.Build.0 = Release|Any CPU
		{FDDC897E-095F-4827-AB5B-84A3523A802B}.Debug|Any CPU.ActiveCfg = Debug|Any CPU
		{FDDC897E-095F-4827-AB5B-84A3523A802B}.Debug|Any CPU.Build.0 = Debug|Any CPU
		{FDDC897E-095F-4827-AB5B-84A3523A802B}.Release|Any CPU.ActiveCfg = Release|Any CPU
		{FDDC897E-095F-4827-AB5B-84A3523A802B}.Release|Any CPU.Build.0 = Release|Any CPU
		{9B942D19-8D1F-4259-B808-C51A8834C6F4}.Debug|Any CPU.ActiveCfg = Debug|Any CPU
		{9B942D19-8D1F-4259-B808-C51A8834C6F4}.Debug|Any CPU.Build.0 = Debug|Any CPU
		{9B942D19-8D1F-4259-B808-C51A8834C6F4}.Release|Any CPU.ActiveCfg = Release|Any CPU
		{9B942D19-8D1F-4259-B808-C51A8834C6F4}.Release|Any CPU.Build.0 = Release|Any CPU
		{2A1C3E45-F6D8-4B9A-9C2E-8F7A6B5D4E3F}.Debug|Any CPU.ActiveCfg = Debug|Any CPU
		{2A1C3E45-F6D8-4B9A-9C2E-8F7A6B5D4E3F}.Debug|Any CPU.Build.0 = Debug|Any CPU
		{2A1C3E45-F6D8-4B9A-9C2E-8F7A6B5D4E3F}.Release|Any CPU.ActiveCfg = Release|Any CPU
		{2A1C3E45-F6D8-4B9A-9C2E-8F7A6B5D4E3F}.Release|Any CPU.Build.0 = Release|Any CPU
		{C3A80D72-BC03-4967-AEAF-F03A909BD0B5}.Debug|Any CPU.ActiveCfg = Debug|Any CPU
		{C3A80D72-BC03-4967-AEAF-F03A909BD0B5}.Debug|Any CPU.Build.0 = Debug|Any CPU
		{C3A80D72-BC03-4967-AEAF-F03A909BD0B5}.Release|Any CPU.ActiveCfg = Release|Any CPU
		{C3A80D72-BC03-4967-AEAF-F03A909BD0B5}.Release|Any CPU.Build.0 = Release|Any CPU
		{8BC4294F-BAF3-4810-A9D7-F706D01FCAC6}.Debug|Any CPU.ActiveCfg = Debug|Any CPU
		{8BC4294F-BAF3-4810-A9D7-F706D01FCAC6}.Debug|Any CPU.Build.0 = Debug|Any CPU
		{8BC4294F-BAF3-4810-A9D7-F706D01FCAC6}.Release|Any CPU.ActiveCfg = Release|Any CPU
		{8BC4294F-BAF3-4810-A9D7-F706D01FCAC6}.Release|Any CPU.Build.0 = Release|Any CPU
		{F391B451-1E94-466E-89C2-78898EE86423}.Debug|Any CPU.ActiveCfg = Debug|Any CPU
		{F391B451-1E94-466E-89C2-78898EE86423}.Debug|Any CPU.Build.0 = Debug|Any CPU
		{F391B451-1E94-466E-89C2-78898EE86423}.Release|Any CPU.ActiveCfg = Release|Any CPU
		{F391B451-1E94-466E-89C2-78898EE86423}.Release|Any CPU.Build.0 = Release|Any CPU
		{B68CD769-3960-44D2-894B-1B2E3AFDA5F1}.Debug|Any CPU.ActiveCfg = Debug|Any CPU
		{B68CD769-3960-44D2-894B-1B2E3AFDA5F1}.Debug|Any CPU.Build.0 = Debug|Any CPU
		{B68CD769-3960-44D2-894B-1B2E3AFDA5F1}.Release|Any CPU.ActiveCfg = Release|Any CPU
		{B68CD769-3960-44D2-894B-1B2E3AFDA5F1}.Release|Any CPU.Build.0 = Release|Any CPU
		{A2BA534E-2BD6-426C-A77F-CBCBD53962E3}.Debug|Any CPU.ActiveCfg = Debug|Any CPU
		{A2BA534E-2BD6-426C-A77F-CBCBD53962E3}.Debug|Any CPU.Build.0 = Debug|Any CPU
		{A2BA534E-2BD6-426C-A77F-CBCBD53962E3}.Release|Any CPU.ActiveCfg = Release|Any CPU
		{A2BA534E-2BD6-426C-A77F-CBCBD53962E3}.Release|Any CPU.Build.0 = Release|Any CPU
		{8DDE9BE5-7EA0-452B-9BB4-E97FE567E039}.Debug|Any CPU.ActiveCfg = Debug|Any CPU
		{8DDE9BE5-7EA0-452B-9BB4-E97FE567E039}.Debug|Any CPU.Build.0 = Debug|Any CPU
		{8DDE9BE5-7EA0-452B-9BB4-E97FE567E039}.Release|Any CPU.ActiveCfg = Release|Any CPU
		{8DDE9BE5-7EA0-452B-9BB4-E97FE567E039}.Release|Any CPU.Build.0 = Release|Any CPU
	EndGlobalSection
	GlobalSection(SolutionProperties) = preSolution
		HideSolutionNode = FALSE
	EndGlobalSection
	GlobalSection(NestedProjects) = preSolution
		{A1F3D29E-3609-A81C-70D6-C18B00AAD8CF} = {BF7EFC6F-16FE-4297-9814-0AEFE6088AC7}
		{954FDCA6-18FA-447A-BB95-B3393BF570AA} = {02EA681E-C7D8-13C7-8484-4AC65E1B71E8}
		{C50D6113-6E31-0698-6756-3BC454051B9F} = {BF7EFC6F-16FE-4297-9814-0AEFE6088AC7}
		{A3BE31AD-670C-F728-1DA5-E782C4C971B9} = {BF7EFC6F-16FE-4297-9814-0AEFE6088AC7}
		{39E69FA4-C272-8EA4-B454-5B3AA7F5957D} = {1673CED9-D961-44E3-AEED-DA2CAD8A6F6D}
		{8024113D-5FC7-21B1-04AB-6D3823F423E3} = {BF7EFC6F-16FE-4297-9814-0AEFE6088AC7}
		{F56C4DCB-1DD6-483A-A3B2-900551EEAB09} = {8EC462FD-D22E-90A8-E5CE-7E832BA40C5D}
		{E2D5E827-E9CF-4204-90D8-973E26555891} = {532A239A-7D57-4A67-985B-ADF20B0D65F5}
		{AB7E059F-4C60-419F-B80D-5B677FE34F04} = {532A239A-7D57-4A67-985B-ADF20B0D65F5}
		{C9156893-0CBF-4C14-98BC-8D6EF4FCD46A} = {532A239A-7D57-4A67-985B-ADF20B0D65F5}
		{64A2CF24-DA4E-411B-BF44-0FAFFE118F8D} = {2B2F9529-D733-4DB6-B061-3C72FC5808C2}
		{FDDC897E-095F-4827-AB5B-84A3523A802B} = {2B2F9529-D733-4DB6-B061-3C72FC5808C2}
		{9B942D19-8D1F-4259-B808-C51A8834C6F4} = {2B2F9529-D733-4DB6-B061-3C72FC5808C2}
		{2A1C3E45-F6D8-4B9A-9C2E-8F7A6B5D4E3F} = {BF7EFC6F-16FE-4297-9814-0AEFE6088AC7}
		{C3A80D72-BC03-4967-AEAF-F03A909BD0B5} = {BF7EFC6F-16FE-4297-9814-0AEFE6088AC7}
		{8BC4294F-BAF3-4810-A9D7-F706D01FCAC6} = {7F651866-78EF-4984-A241-858E77D1B48C}
		{F391B451-1E94-466E-89C2-78898EE86423} = {DD3556F8-A090-4C90-B865-A8AACEB200F0}
		{B68CD769-3960-44D2-894B-1B2E3AFDA5F1} = {7F651866-78EF-4984-A241-858E77D1B48C}
		{A2BA534E-2BD6-426C-A77F-CBCBD53962E3} = {7F651866-78EF-4984-A241-858E77D1B48C}
		{8DDE9BE5-7EA0-452B-9BB4-E97FE567E039} = {DD3556F8-A090-4C90-B865-A8AACEB200F0}
	EndGlobalSection
	GlobalSection(ExtensibilityGlobals) = postSolution
		SolutionGuid = {93606EA5-9687-4991-915F-CC6615E24901}
	EndGlobalSection
EndGlobal
