
Microsoft Visual Studio Solution File, Format Version 12.00
# Visual Studio Version 17
VisualStudioVersion = 17.14.36121.58
MinimumVisualStudioVersion = 10.0.40219.1
Project("{FAE04EC0-301F-11D3-BF4B-00C04F79EFBC}") = "IAMBuddy.RequestIntakeService", "IAMBuddy.RequestIntakeService\IAMBuddy.RequestIntakeService.csproj", "{A1F3D29E-3609-A81C-70D6-C18B00AAD8CF}"
EndProject
Project("{FAE04EC0-301F-11D3-BF4B-00C04F79EFBC}") = "IAMBuddy.Shared", "IAMBuddy.Shared\IAMBuddy.Shared.csproj", "{954FDCA6-18FA-447A-BB95-B3393BF570AA}"
EndProject
Project("{FAE04EC0-301F-11D3-BF4B-00C04F79EFBC}") = "IAMBuddy.ApprovalService", "IAMBuddy.ApprovalService\IAMBuddy.ApprovalService.csproj", "{C50D6113-6E31-0698-6756-3BC454051B9F}"
EndProject
Project("{FAE04EC0-301F-11D3-BF4B-00C04F79EFBC}") = "IAMBuddy.ProvisioningService", "IAMBuddy.ProvisioningService\IAMBuddy.ProvisioningService.csproj", "{A3BE31AD-670C-F728-1DA5-E782C4C971B9}"
EndProject
Project("{FAE04EC0-301F-11D3-BF4B-00C04F79EFBC}") = "IAMBuddy.TemporalWorker", "IAMBuddy.TemporalWorker\IAMBuddy.TemporalWorker.csproj", "{39E69FA4-C272-8EA4-B454-5B3AA7F5957D}"
EndProject
Project("{FAE04EC0-301F-11D3-BF4B-00C04F79EFBC}") = "IAMBuddy.NotificationService", "IAMBuddy.NotificationService\IAMBuddy.NotificationService.csproj", "{8024113D-5FC7-21B1-04AB-6D3823F423E3}"
EndProject
Project("{2150E333-8FDC-42A3-9474-1A3956D46DE8}") = "Shared", "Shared", "{02EA681E-C7D8-13C7-8484-4AC65E1B71E8}"
EndProject
Project("{2150E333-8FDC-42A3-9474-1A3956D46DE8}") = "Services", "Services", "{BF7EFC6F-16FE-4297-9814-0AEFE6088AC7}"
EndProject
Project("{2150E333-8FDC-42A3-9474-1A3956D46DE8}") = "Workers", "Workers", "{1673CED9-D961-44E3-AEED-DA2CAD8A6F6D}"
EndProject
Project("{2150E333-8FDC-42A3-9474-1A3956D46DE8}") = "Solution Items", "Solution Items", "{8EC462FD-D22E-90A8-E5CE-7E832BA40C5D}"
	ProjectSection(SolutionItems) = preProject
		.env = .env
		development-sql.yaml = development-sql.yaml
		docker-compose.yml = docker-compose.yml
		servers.json = servers.json
	EndProjectSection
EndProject
Project("{2150E333-8FDC-42A3-9474-1A3956D46DE8}") = "dynamicconfig", "dynamicconfig", "{F56C4DCB-1DD6-483A-A3B2-900551EEAB09}"
	ProjectSection(SolutionItems) = preProject
		dynamicconfig\development-cass.yaml = dynamicconfig\development-cass.yaml
		dynamicconfig\development-sql.yaml = dynamicconfig\development-sql.yaml
		dynamicconfig\docker.yaml = dynamicconfig\docker.yaml
		dynamicconfig\README.md = dynamicconfig\README.md
	EndProjectSection
EndProject
Global
	GlobalSection(SolutionConfigurationPlatforms) = preSolution
		Debug|Any CPU = Debug|Any CPU
		Release|Any CPU = Release|Any CPU
	EndGlobalSection
	GlobalSection(ProjectConfigurationPlatforms) = postSolution
		{A1F3D29E-3609-A81C-70D6-C18B00AAD8CF}.Debug|Any CPU.ActiveCfg = Debug|Any CPU
		{A1F3D29E-3609-A81C-70D6-C18B00AAD8CF}.Debug|Any CPU.Build.0 = Debug|Any CPU
		{A1F3D29E-3609-A81C-70D6-C18B00AAD8CF}.Release|Any CPU.ActiveCfg = Release|Any CPU
		{A1F3D29E-3609-A81C-70D6-C18B00AAD8CF}.Release|Any CPU.Build.0 = Release|Any CPU
		{954FDCA6-18FA-447A-BB95-B3393BF570AA}.Debug|Any CPU.ActiveCfg = Debug|Any CPU
		{954FDCA6-18FA-447A-BB95-B3393BF570AA}.Debug|Any CPU.Build.0 = Debug|Any CPU
		{954FDCA6-18FA-447A-BB95-B3393BF570AA}.Release|Any CPU.ActiveCfg = Release|Any CPU
		{954FDCA6-18FA-447A-BB95-B3393BF570AA}.Release|Any CPU.Build.0 = Release|Any CPU
		{C50D6113-6E31-0698-6756-3BC454051B9F}.Debug|Any CPU.ActiveCfg = Debug|Any CPU
		{C50D6113-6E31-0698-6756-3BC454051B9F}.Debug|Any CPU.Build.0 = Debug|Any CPU
		{C50D6113-6E31-0698-6756-3BC454051B9F}.Release|Any CPU.ActiveCfg = Release|Any CPU
		{C50D6113-6E31-0698-6756-3BC454051B9F}.Release|Any CPU.Build.0 = Release|Any CPU
		{A3BE31AD-670C-F728-1DA5-E782C4C971B9}.Debug|Any CPU.ActiveCfg = Debug|Any CPU
		{A3BE31AD-670C-F728-1DA5-E782C4C971B9}.Debug|Any CPU.Build.0 = Debug|Any CPU
		{A3BE31AD-670C-F728-1DA5-E782C4C971B9}.Release|Any CPU.ActiveCfg = Release|Any CPU
		{A3BE31AD-670C-F728-1DA5-E782C4C971B9}.Release|Any CPU.Build.0 = Release|Any CPU
		{39E69FA4-C272-8EA4-B454-5B3AA7F5957D}.Debug|Any CPU.ActiveCfg = Debug|Any CPU
		{39E69FA4-C272-8EA4-B454-5B3AA7F5957D}.Debug|Any CPU.Build.0 = Debug|Any CPU
		{39E69FA4-C272-8EA4-B454-5B3AA7F5957D}.Release|Any CPU.ActiveCfg = Release|Any CPU
		{39E69FA4-C272-8EA4-B454-5B3AA7F5957D}.Release|Any CPU.Build.0 = Release|Any CPU
		{8024113D-5FC7-21B1-04AB-6D3823F423E3}.Debug|Any CPU.ActiveCfg = Debug|Any CPU
		{8024113D-5FC7-21B1-04AB-6D3823F423E3}.Debug|Any CPU.Build.0 = Debug|Any CPU
		{8024113D-5FC7-21B1-04AB-6D3823F423E3}.Release|Any CPU.ActiveCfg = Release|Any CPU
		{8024113D-5FC7-21B1-04AB-6D3823F423E3}.Release|Any CPU.Build.0 = Release|Any CPU
	EndGlobalSection
	GlobalSection(SolutionProperties) = preSolution
		HideSolutionNode = FALSE
	EndGlobalSection
	GlobalSection(NestedProjects) = preSolution
		{A1F3D29E-3609-A81C-70D6-C18B00AAD8CF} = {BF7EFC6F-16FE-4297-9814-0AEFE6088AC7}
		{954FDCA6-18FA-447A-BB95-B3393BF570AA} = {02EA681E-C7D8-13C7-8484-4AC65E1B71E8}
		{C50D6113-6E31-0698-6756-3BC454051B9F} = {BF7EFC6F-16FE-4297-9814-0AEFE6088AC7}
		{A3BE31AD-670C-F728-1DA5-E782C4C971B9} = {BF7EFC6F-16FE-4297-9814-0AEFE6088AC7}
		{39E69FA4-C272-8EA4-B454-5B3AA7F5957D} = {1673CED9-D961-44E3-AEED-DA2CAD8A6F6D}
		{8024113D-5FC7-21B1-04AB-6D3823F423E3} = {BF7EFC6F-16FE-4297-9814-0AEFE6088AC7}
		{F56C4DCB-1DD6-483A-A3B2-900551EEAB09} = {8EC462FD-D22E-90A8-E5CE-7E832BA40C5D}
	EndGlobalSection
	GlobalSection(ExtensibilityGlobals) = postSolution
		SolutionGuid = {93606EA5-9687-4991-915F-CC6615E24901}
	EndGlobalSection
EndGlobal
